
Microsoft Visual Studio Solution File, Format Version 12.00
# Visual Studio Version 16
VisualStudioVersion = 16.0.29519.181
MinimumVisualStudioVersion = 10.0.40219.1
Project("{FAE04EC0-301F-11D3-BF4B-00C04F79EFBC}") = "Course", "Course\Course.csproj", "{2223E371-59C0-438C-8970-E4258D2B0438}"
EndProject
Global
	GlobalSection(SolutionConfigurationPlatforms) = preSolution
		Debug|Any CPU = Debug|Any CPU
		Release|Any CPU = Release|Any CPU
	EndGlobalSection
	GlobalSection(ProjectConfigurationPlatforms) = postSolution
		{2223E371-59C0-438C-8970-E4258D2B0438}.Debug|Any CPU.ActiveCfg = Debug|Any CPU
		{2223E371-59C0-438C-8970-E4258D2B0438}.Debug|Any CPU.Build.0 = Debug|Any CPU
		{2223E371-59C0-438C-8970-E4258D2B0438}.Release|Any CPU.ActiveCfg = Release|Any CPU
		{2223E371-59C0-438C-8970-E4258D2B0438}.Release|Any CPU.Build.0 = Release|Any CPU
	EndGlobalSection
	GlobalSection(SolutionProperties) = preSolution
		HideSolutionNode = FALSE
	EndGlobalSection
	GlobalSection(ExtensibilityGlobals) = postSolution
		SolutionGuid = {ADC18147-4F93-4E95-AD06-542FF4486009}
	EndGlobalSection
EndGlobal
